
Microsoft Visual Studio Solution File, Format Version 12.00
# Visual Studio Version 16
VisualStudioVersion = 16.0.30803.129
MinimumVisualStudioVersion = 10.0.40219.1
Project("{FAE04EC0-301F-11D3-BF4B-00C04F79EFBC}") = "WpfApp1", "WpfApp1\WpfApp1.csproj", "{7081E71D-4CD7-470E-87D9-3AA9530A2829}"
EndProject
Global
	GlobalSection(SolutionConfigurationPlatforms) = preSolution
		Debug|Any CPU = Debug|Any CPU
		Release|Any CPU = Release|Any CPU
	EndGlobalSection
	GlobalSection(ProjectConfigurationPlatforms) = postSolution
		{7081E71D-4CD7-470E-87D9-3AA9530A2829}.Debug|Any CPU.ActiveCfg = Debug|Any CPU
		{7081E71D-4CD7-470E-87D9-3AA9530A2829}.Debug|Any CPU.Build.0 = Debug|Any CPU
		{7081E71D-4CD7-470E-87D9-3AA9530A2829}.Release|Any CPU.ActiveCfg = Release|Any CPU
		{7081E71D-4CD7-470E-87D9-3AA9530A2829}.Release|Any CPU.Build.0 = Release|Any CPU
	EndGlobalSection
	GlobalSection(SolutionProperties) = preSolution
		HideSolutionNode = FALSE
	EndGlobalSection
	GlobalSection(ExtensibilityGlobals) = postSolution
		SolutionGuid = {3F0933BA-13CD-431F-8AA7-C7F1B47392C8}
	EndGlobalSection
EndGlobal
